
Microsoft Visual Studio Solution File, Format Version 12.00
# Visual Studio Version 16
VisualStudioVersion = 16.0.30413.136
MinimumVisualStudioVersion = 10.0.40219.1
Project("{FAE04EC0-301F-11D3-BF4B-00C04F79EFBC}") = "SPA", "SPA\SPA.csproj", "{BFEF60AD-0226-497F-9952-7D15F6610C98}"
EndProject
Global
	GlobalSection(SolutionConfigurationPlatforms) = preSolution
		Debug|Any CPU = Debug|Any CPU
		Release|Any CPU = Release|Any CPU
	EndGlobalSection
	GlobalSection(ProjectConfigurationPlatforms) = postSolution
		{BFEF60AD-0226-497F-9952-7D15F6610C98}.Debug|Any CPU.ActiveCfg = Debug|Any CPU
		{BFEF60AD-0226-497F-9952-7D15F6610C98}.Debug|Any CPU.Build.0 = Debug|Any CPU
		{BFEF60AD-0226-497F-9952-7D15F6610C98}.Release|Any CPU.ActiveCfg = Release|Any CPU
		{BFEF60AD-0226-497F-9952-7D15F6610C98}.Release|Any CPU.Build.0 = Release|Any CPU
	EndGlobalSection
	GlobalSection(SolutionProperties) = preSolution
		HideSolutionNode = FALSE
	EndGlobalSection
	GlobalSection(ExtensibilityGlobals) = postSolution
		SolutionGuid = {675703D4-FD6F-4530-B5EE-1E9A46140641}
	EndGlobalSection
EndGlobal
